{
  "name": "feng3d-editor",
  "version": "0.1.0",
  "lockfileVersion": 1,
  "requires": true,
  "dependencies": {
    "@feng3d/build": {
      "version": "0.0.2",
      "resolved": "https://registry.npmjs.org/@feng3d/build/-/build-0.0.2.tgz",
      "integrity": "sha512-XAMsZIK4nZA9AuiRgty6u22mkfLRpoVoDVj5PQgDh1qAWZJWZHu9i2schHLgFjJK3WgWGwalKuvmcp7E55JyAQ==",
      "dev": true,
      "requires": {
        "@types/node": "^11.13.2"
      },
      "dependencies": {
        "@types/node": {
          "version": "11.13.5",
          "resolved": "https://registry.npmjs.org/@types/node/-/node-11.13.5.tgz",
          "integrity": "sha512-/OMMBnjVtDuwX1tg2pkYVSqRIDSmNTnvVvmvP/2xiMAAWf4a5+JozrApCrO4WCAILmXVxfNoQ3E+0HJbNpFVGg==",
          "dev": true
        }
      }
    }
  }
}
