{
  "name": "feng3d-editor",
  "version": "0.1.0",
  "lockfileVersion": 1,
  "requires": true,
  "dependencies": {
    "@feng3d/build": {
      "version": "0.0.5",
      "resolved": "https://registry.npmjs.org/@feng3d/build/-/build-0.0.5.tgz",
      "integrity": "sha512-zwsIx8K1HeabxN1xsZ+9CBXCBW8NHcKh25u910Ao2nRdsMgjq2DUDPi8rMwHdwBqaV0+2OYBnlQKHC808WYZAQ==",
      "dev": true,
      "requires": {
        "@types/node": "^11.13.2"
      }
    },
    "@feng3d/debug": {
      "version": "0.0.2",
      "resolved": "https://registry.npmjs.org/@feng3d/debug/-/debug-0.0.2.tgz",
      "integrity": "sha512-kA7dgcEV79jYEI8MzehKXdWcRbRsvBwegGIdw+iBGj8ZSn/ZPy6TvSdbS/678QaEhyGFAPRcgo2qA4oh3LOY+A==",
      "requires": {
        "@feng3d/functionwarp": "^0.0.2"
      }
    },
    "@feng3d/ds": {
      "version": "0.0.3",
      "resolved": "https://registry.npmjs.org/@feng3d/ds/-/ds-0.0.3.tgz",
      "integrity": "sha512-Oks/w7d+hXlLuR35Ypw2ubGiEufWnOGkSI5KR3xNlOrVN+hJT9YFRBEaQKMSrjHJzH0cpjewZ6cDF5dJYTXDQg=="
    },
    "@feng3d/event": {
      "version": "0.0.9",
      "resolved": "https://registry.npmjs.org/@feng3d/event/-/event-0.0.9.tgz",
      "integrity": "sha512-lkZYkfNoKOD01Xot6Nxrj/goaKJpSl7JXZpzmlnPqrEuKnYIySMY7AUYvVmWuk0dJtPFAITshQ/kh2fI/gyGRw=="
    },
    "@feng3d/functionwarp": {
      "version": "0.0.2",
      "resolved": "https://registry.npmjs.org/@feng3d/functionwarp/-/functionwarp-0.0.2.tgz",
      "integrity": "sha512-7jgOV6bLxnkRV7hmMWtH46Fg48HtuHNZKtqWYdVOjB98Q1olbRIA0G6+RszYjgoCT9T4D9tlWxf6Ha9hYfhi3w=="
    },
    "@feng3d/objectview": {
      "version": "0.0.2",
      "resolved": "https://registry.npmjs.org/@feng3d/objectview/-/objectview-0.0.2.tgz",
      "integrity": "sha512-P4jmoFXNCeHoeM8cw6Jy7OsCzv+ppSCewahzIKdwk5NVhqF2zaWOfuybF0w3WzExwTUNOWEr1Svtmi4tGT0J4A==",
      "requires": {
        "@feng3d/debug": "^0.0.2",
        "@feng3d/polyfill": "^0.0.3"
      }
    },
    "@feng3d/polyfill": {
      "version": "0.0.3",
      "resolved": "https://registry.npmjs.org/@feng3d/polyfill/-/polyfill-0.0.3.tgz",
      "integrity": "sha512-KwiW+0Qj76Jdt+t6N/Rh2BYi7rE/CZwsFBmRsRaLVHmsL5AgPHGCfWWLeUI6608Si3KVVNs6q2OdtdgGHvXaDw=="
    },
    "@feng3d/task": {
      "version": "0.0.11",
      "resolved": "https://registry.npmjs.org/@feng3d/task/-/task-0.0.11.tgz",
      "integrity": "sha512-hjuKFKSyeptI6wVVrHiw6dIX0qE+ftDv404r5IisH1Cx6kqZ8bk1afI2MY6KYoRadeFkaJrl7g6yIcYIuJ8j3g=="
    },
    "@feng3d/watcher": {
      "version": "0.0.2",
      "resolved": "https://registry.npmjs.org/@feng3d/watcher/-/watcher-0.0.2.tgz",
      "integrity": "sha512-Z7FLHMjWBiE7wsIvg3XwsyvEe1f2jLm1lkuu+hYz3zPwUYfXrBdZe9giXZjFWgZwYynK2Jl9Vl1CUcHNcdNd2A=="
    },
    "@types/node": {
      "version": "11.13.5",
      "resolved": "https://registry.npmjs.org/@types/node/-/node-11.13.5.tgz",
      "integrity": "sha512-/OMMBnjVtDuwX1tg2pkYVSqRIDSmNTnvVvmvP/2xiMAAWf4a5+JozrApCrO4WCAILmXVxfNoQ3E+0HJbNpFVGg==",
      "dev": true
    },
    "asar": {
      "version": "1.0.0",
      "resolved": "https://registry.npmjs.org/asar/-/asar-1.0.0.tgz",
      "integrity": "sha512-MBiDU5cDr9UWuY2F0zq2fZlnyRq1aOPmJGMas22Qa14K1odpRXL3xkMHPN3uw2hAK5mD89Q+/KidOUtpi4V0Cg==",
      "dev": true,
      "requires": {
        "chromium-pickle-js": "^0.2.0",
        "commander": "^2.19.0",
        "cuint": "^0.2.2",
        "glob": "^7.1.3",
        "minimatch": "^3.0.4",
        "mkdirp": "^0.5.1",
        "pify": "^4.0.1",
        "tmp-promise": "^1.0.5"
      }
    },
    "balanced-match": {
      "version": "1.0.0",
      "resolved": "https://registry.npmjs.org/balanced-match/-/balanced-match-1.0.0.tgz",
      "integrity": "sha1-ibTRmasr7kneFk6gK4nORi1xt2c=",
      "dev": true
    },
    "bluebird": {
      "version": "3.5.4",
      "resolved": "https://registry.npmjs.org/bluebird/-/bluebird-3.5.4.tgz",
      "integrity": "sha512-FG+nFEZChJrbQ9tIccIfZJBz3J7mLrAhxakAbnrJWn8d7aKOC+LWifa0G+p4ZqKp4y13T7juYvdhq9NzKdsrjw==",
      "dev": true
    },
    "brace-expansion": {
      "version": "1.1.11",
      "resolved": "https://registry.npmjs.org/brace-expansion/-/brace-expansion-1.1.11.tgz",
      "integrity": "sha512-iCuPHDFgrHX7H2vEI/5xpz07zSHB00TpugqhmYtVmMO6518mCuRMoOYFldEBl0g187ufozdaHgWKcYFb61qGiA==",
      "dev": true,
      "requires": {
        "balanced-match": "^1.0.0",
        "concat-map": "0.0.1"
      }
    },
    "chromium-pickle-js": {
      "version": "0.2.0",
      "resolved": "https://registry.npmjs.org/chromium-pickle-js/-/chromium-pickle-js-0.2.0.tgz",
      "integrity": "sha1-BKEGZywYsIWrd02YPfo+oTjyIgU=",
      "dev": true
    },
    "commander": {
      "version": "2.20.0",
      "resolved": "https://registry.npmjs.org/commander/-/commander-2.20.0.tgz",
      "integrity": "sha512-7j2y+40w61zy6YC2iRNpUe/NwhNyoXrYpHMrSunaMG64nRnaf96zO/KMQR4OyN/UnE5KLyEBnKHd4aG3rskjpQ==",
      "dev": true
    },
    "concat-map": {
      "version": "0.0.1",
      "resolved": "https://registry.npmjs.org/concat-map/-/concat-map-0.0.1.tgz",
      "integrity": "sha1-2Klr13/Wjfd5OnMDajug1UBdR3s=",
      "dev": true
    },
    "cuint": {
      "version": "0.2.2",
      "resolved": "https://registry.npmjs.org/cuint/-/cuint-0.2.2.tgz",
      "integrity": "sha1-QICG1AlVDCYxFVYZ6fp7ytw7mRs=",
      "dev": true
    },
    "feng3d": {
      "version": "0.1.3",
      "resolved": "https://registry.npmjs.org/feng3d/-/feng3d-0.1.3.tgz",
      "integrity": "sha512-sF/JQ25yhJ2VdXA5Hpt+jRQPsp0G6JY1715wlP2zX54lECrn8Lxp6dpXTt7hbVJA2U7gm5EkjpwOPOkg3HOe6g==",
      "requires": {
        "@feng3d/debug": "^0.0.2",
        "@feng3d/ds": "^0.0.3",
        "@feng3d/event": "^0.0.9",
        "@feng3d/functionwarp": "^0.0.2",
        "@feng3d/objectview": "^0.0.2",
        "@feng3d/polyfill": "^0.0.3",
        "@feng3d/task": "^0.0.11",
        "@feng3d/watcher": "^0.0.2"
      }
    },
    "fs-extra": {
      "version": "7.0.1",
      "resolved": "https://registry.npmjs.org/fs-extra/-/fs-extra-7.0.1.tgz",
      "integrity": "sha512-YJDaCJZEnBmcbw13fvdAM9AwNOJwOzrE4pqMqBq5nFiEqXUqHwlK4B+3pUw6JNvfSPtX05xFHtYy/1ni01eGCw==",
      "dev": true,
      "requires": {
        "graceful-fs": "^4.1.2",
        "jsonfile": "^4.0.0",
        "universalify": "^0.1.0"
      }
    },
    "fs.realpath": {
      "version": "1.0.0",
      "resolved": "https://registry.npmjs.org/fs.realpath/-/fs.realpath-1.0.0.tgz",
      "integrity": "sha1-FQStJSMVjKpA20onh8sBQRmU6k8=",
      "dev": true
    },
    "glob": {
      "version": "7.1.3",
      "resolved": "https://registry.npmjs.org/glob/-/glob-7.1.3.tgz",
      "integrity": "sha512-vcfuiIxogLV4DlGBHIUOwI0IbrJ8HWPc4MU7HzviGeNho/UJDfi6B5p3sHeWIQ0KGIU0Jpxi5ZHxemQfLkkAwQ==",
      "dev": true,
      "requires": {
        "fs.realpath": "^1.0.0",
        "inflight": "^1.0.4",
        "inherits": "2",
        "minimatch": "^3.0.4",
        "once": "^1.3.0",
        "path-is-absolute": "^1.0.0"
      }
    },
    "graceful-fs": {
      "version": "4.1.15",
      "resolved": "https://registry.npmjs.org/graceful-fs/-/graceful-fs-4.1.15.tgz",
      "integrity": "sha512-6uHUhOPEBgQ24HM+r6b/QwWfZq+yiFcipKFrOFiBEnWdy5sdzYoi+pJeQaPI5qOLRFqWmAXUPQNsielzdLoecA==",
      "dev": true
    },
    "inflight": {
      "version": "1.0.6",
      "resolved": "https://registry.npmjs.org/inflight/-/inflight-1.0.6.tgz",
      "integrity": "sha1-Sb1jMdfQLQwJvJEKEHW6gWW1bfk=",
      "dev": true,
      "requires": {
        "once": "^1.3.0",
        "wrappy": "1"
      }
    },
    "inherits": {
      "version": "2.0.3",
      "resolved": "https://registry.npmjs.org/inherits/-/inherits-2.0.3.tgz",
      "integrity": "sha1-Yzwsg+PaQqUC9SRmAiSA9CCCYd4=",
      "dev": true
    },
    "jsonfile": {
      "version": "4.0.0",
      "resolved": "https://registry.npmjs.org/jsonfile/-/jsonfile-4.0.0.tgz",
      "integrity": "sha1-h3Gq4HmbZAdrdmQPygWPnBDjPss=",
      "dev": true,
      "requires": {
        "graceful-fs": "^4.1.6"
      }
    },
    "minimatch": {
      "version": "3.0.4",
      "resolved": "https://registry.npmjs.org/minimatch/-/minimatch-3.0.4.tgz",
      "integrity": "sha512-yJHVQEhyqPLUTgt9B83PXu6W3rx4MvvHvSUvToogpwoGDOUQ+yDrR0HRot+yOCdCO7u4hX3pWft6kWBBcqh0UA==",
      "dev": true,
      "requires": {
        "brace-expansion": "^1.1.7"
      }
    },
    "minimist": {
      "version": "0.0.8",
      "resolved": "https://registry.npmjs.org/minimist/-/minimist-0.0.8.tgz",
      "integrity": "sha1-hX/Kv8M5fSYluCKCYuhqp6ARsF0=",
      "dev": true
    },
    "mkdirp": {
      "version": "0.5.1",
      "resolved": "https://registry.npmjs.org/mkdirp/-/mkdirp-0.5.1.tgz",
      "integrity": "sha1-MAV0OOrGz3+MR2fzhkjWaX11yQM=",
      "dev": true,
      "requires": {
        "minimist": "0.0.8"
      }
    },
    "monaco-editor": {
      "version": "0.16.2",
      "resolved": "https://registry.npmjs.org/monaco-editor/-/monaco-editor-0.16.2.tgz",
      "integrity": "sha512-NtGrFzf54jADe7qsWh3lazhS7Kj0XHkJUGBq9fA/Jbwc+sgVcyfsYF6z2AQ7hPqDC+JmdOt/OwFjBnRwqXtx6w=="
    },
    "once": {
      "version": "1.4.0",
      "resolved": "https://registry.npmjs.org/once/-/once-1.4.0.tgz",
      "integrity": "sha1-WDsap3WWHUsROsF9nFC6753Xa9E=",
      "dev": true,
      "requires": {
        "wrappy": "1"
      }
    },
    "os-tmpdir": {
      "version": "1.0.2",
      "resolved": "https://registry.npmjs.org/os-tmpdir/-/os-tmpdir-1.0.2.tgz",
      "integrity": "sha1-u+Z0BseaqFxc/sdm/lc0VV36EnQ=",
      "dev": true
    },
    "path-is-absolute": {
      "version": "1.0.1",
      "resolved": "https://registry.npmjs.org/path-is-absolute/-/path-is-absolute-1.0.1.tgz",
      "integrity": "sha1-F0uSaHNVNP+8es5r9TpanhtcX18=",
      "dev": true
    },
    "pify": {
      "version": "4.0.1",
      "resolved": "https://registry.npmjs.org/pify/-/pify-4.0.1.tgz",
      "integrity": "sha512-uB80kBFb/tfd68bVleG9T5GGsGPjJrLAUpR5PZIrhBnIaRTQRjqdJSsIKkOP6OAIFbj7GOrcudc5pNjZ+geV2g==",
      "dev": true
    },
    "tmp": {
      "version": "0.0.33",
      "resolved": "https://registry.npmjs.org/tmp/-/tmp-0.0.33.tgz",
      "integrity": "sha512-jRCJlojKnZ3addtTOjdIqoRuPEKBvNXcGYqzO6zWZX8KfKEpnGY5jfggJQ3EjKuu8D4bJRr0y+cYJFmYbImXGw==",
      "dev": true,
      "requires": {
        "os-tmpdir": "~1.0.2"
      }
    },
    "tmp-promise": {
      "version": "1.0.5",
      "resolved": "https://registry.npmjs.org/tmp-promise/-/tmp-promise-1.0.5.tgz",
      "integrity": "sha512-hOabTz9Tp49wCozFwuJe5ISrOqkECm6kzw66XTP23DuzNU7QS/KiZq5LC9Y7QSy8f1rPSLy4bKaViP0OwGI1cA==",
      "dev": true,
      "requires": {
        "bluebird": "^3.5.0",
        "tmp": "0.0.33"
      }
    },
    "universalify": {
      "version": "0.1.2",
      "resolved": "https://registry.npmjs.org/universalify/-/universalify-0.1.2.tgz",
      "integrity": "sha512-rBJeI5CXAlmy1pV+617WB9J63U6XcazHHF2f2dbJix4XzpUF0RS3Zbj0FGIOCAva5P/d/GBOYaACQ1w+0azUkg==",
      "dev": true
    },
    "wrappy": {
      "version": "1.0.2",
      "resolved": "https://registry.npmjs.org/wrappy/-/wrappy-1.0.2.tgz",
      "integrity": "sha1-tSQ9jz7BqjXxNkYFvA0QNuMKtp8=",
      "dev": true
    }
  }
}
